
Microsoft Visual Studio Solution File, Format Version 12.00
# Visual Studio Version 17
VisualStudioVersion = 17.2.32616.157
MinimumVisualStudioVersion = 10.0.40219.1
Project("{9A19103F-16F7-4668-BE54-9A1E7A4F7556}") = "AvatarBabylon.Web", "AvatarBabylon.Web\AvatarBabylon.Web.csproj", "{826AC052-922D-4474-B96E-6556825AED95}"
EndProject
Global
	GlobalSection(SolutionConfigurationPlatforms) = preSolution
		Debug|Any CPU = Debug|Any CPU
		Release|Any CPU = Release|Any CPU
	EndGlobalSection
	GlobalSection(ProjectConfigurationPlatforms) = postSolution
		{826AC052-922D-4474-B96E-6556825AED95}.Debug|Any CPU.ActiveCfg = Debug|Any CPU
		{826AC052-922D-4474-B96E-6556825AED95}.Debug|Any CPU.Build.0 = Debug|Any CPU
		{826AC052-922D-4474-B96E-6556825AED95}.Release|Any CPU.ActiveCfg = Release|Any CPU
		{826AC052-922D-4474-B96E-6556825AED95}.Release|Any CPU.Build.0 = Release|Any CPU
	EndGlobalSection
	GlobalSection(SolutionProperties) = preSolution
		HideSolutionNode = FALSE
	EndGlobalSection
	GlobalSection(ExtensibilityGlobals) = postSolution
		SolutionGuid = {8B44C02E-C33B-4F09-A4B6-77EFFBF03B10}
	EndGlobalSection
EndGlobal
